
Microsoft Visual Studio Solution File, Format Version 12.00
# Visual Studio Version 17
VisualStudioVersion = 17.5.002.0
MinimumVisualStudioVersion = 10.0.40219.1
Project("{9A19103F-16F7-4668-BE54-9A1E7A4F7556}") = "DEV120", "DEV120.csproj", "{62DF917B-6C8B-4A2E-B044-0D30B84C1B38}"
EndProject
Project("{FAE04EC0-301F-11D3-BF4B-00C04F79EFBC}") = "HW2", "HW2\HW2.csproj", "{9E0D7D30-D375-4827-BC3B-05AB30EE58B9}"
EndProject
Project("{FAE04EC0-301F-11D3-BF4B-00C04F79EFBC}") = "HW3", "HW3\HW3.csproj", "{8559AC34-D1BE-46D7-B0D6-2AA368E16B52}"
EndProject
Project("{FAE04EC0-301F-11D3-BF4B-00C04F79EFBC}") = "HW4", "HW4\HW4.csproj", "{0C1199EC-F9D6-411C-BFFC-00CE5E86CD6B}"
EndProject
Project("{FAE04EC0-301F-11D3-BF4B-00C04F79EFBC}") = "HW5", "HW5\HW5.csproj", "{D8034A4D-0A46-4F41-9211-C1A8FD4E62BC}"
EndProject
Project("{FAE04EC0-301F-11D3-BF4B-00C04F79EFBC}") = "HW6", "HW6\HW6.csproj", "{5004CA86-2489-4FC4-A8F2-FD52ED718D25}"
EndProject
Global
	GlobalSection(SolutionConfigurationPlatforms) = preSolution
		Debug|Any CPU = Debug|Any CPU
		Release|Any CPU = Release|Any CPU
	EndGlobalSection
	GlobalSection(ProjectConfigurationPlatforms) = postSolution
		{62DF917B-6C8B-4A2E-B044-0D30B84C1B38}.Debug|Any CPU.ActiveCfg = Debug|Any CPU
		{62DF917B-6C8B-4A2E-B044-0D30B84C1B38}.Debug|Any CPU.Build.0 = Debug|Any CPU
		{62DF917B-6C8B-4A2E-B044-0D30B84C1B38}.Release|Any CPU.ActiveCfg = Release|Any CPU
		{62DF917B-6C8B-4A2E-B044-0D30B84C1B38}.Release|Any CPU.Build.0 = Release|Any CPU
		{9E0D7D30-D375-4827-BC3B-05AB30EE58B9}.Debug|Any CPU.ActiveCfg = Debug|Any CPU
		{9E0D7D30-D375-4827-BC3B-05AB30EE58B9}.Debug|Any CPU.Build.0 = Debug|Any CPU
		{9E0D7D30-D375-4827-BC3B-05AB30EE58B9}.Release|Any CPU.ActiveCfg = Release|Any CPU
		{9E0D7D30-D375-4827-BC3B-05AB30EE58B9}.Release|Any CPU.Build.0 = Release|Any CPU
		{8559AC34-D1BE-46D7-B0D6-2AA368E16B52}.Debug|Any CPU.ActiveCfg = Debug|Any CPU
		{8559AC34-D1BE-46D7-B0D6-2AA368E16B52}.Debug|Any CPU.Build.0 = Debug|Any CPU
		{8559AC34-D1BE-46D7-B0D6-2AA368E16B52}.Release|Any CPU.ActiveCfg = Release|Any CPU
		{8559AC34-D1BE-46D7-B0D6-2AA368E16B52}.Release|Any CPU.Build.0 = Release|Any CPU
		{0C1199EC-F9D6-411C-BFFC-00CE5E86CD6B}.Debug|Any CPU.ActiveCfg = Debug|Any CPU
		{0C1199EC-F9D6-411C-BFFC-00CE5E86CD6B}.Debug|Any CPU.Build.0 = Debug|Any CPU
		{0C1199EC-F9D6-411C-BFFC-00CE5E86CD6B}.Release|Any CPU.ActiveCfg = Release|Any CPU
		{0C1199EC-F9D6-411C-BFFC-00CE5E86CD6B}.Release|Any CPU.Build.0 = Release|Any CPU
		{D8034A4D-0A46-4F41-9211-C1A8FD4E62BC}.Debug|Any CPU.ActiveCfg = Debug|Any CPU
		{D8034A4D-0A46-4F41-9211-C1A8FD4E62BC}.Debug|Any CPU.Build.0 = Debug|Any CPU
		{D8034A4D-0A46-4F41-9211-C1A8FD4E62BC}.Release|Any CPU.ActiveCfg = Release|Any CPU
		{D8034A4D-0A46-4F41-9211-C1A8FD4E62BC}.Release|Any CPU.Build.0 = Release|Any CPU
		{5004CA86-2489-4FC4-A8F2-FD52ED718D25}.Debug|Any CPU.ActiveCfg = Debug|Any CPU
		{5004CA86-2489-4FC4-A8F2-FD52ED718D25}.Debug|Any CPU.Build.0 = Debug|Any CPU
		{5004CA86-2489-4FC4-A8F2-FD52ED718D25}.Release|Any CPU.ActiveCfg = Release|Any CPU
		{5004CA86-2489-4FC4-A8F2-FD52ED718D25}.Release|Any CPU.Build.0 = Release|Any CPU
	EndGlobalSection
	GlobalSection(SolutionProperties) = preSolution
		HideSolutionNode = FALSE
	EndGlobalSection
	GlobalSection(ExtensibilityGlobals) = postSolution
		SolutionGuid = {AD3CB98B-4737-489F-AF03-D556F2F5DC37}
	EndGlobalSection
EndGlobal
