
Microsoft Visual Studio Solution File, Format Version 12.00
# Visual Studio Version 17
VisualStudioVersion = 17.5.002.0
MinimumVisualStudioVersion = 10.0.40219.1
Project("{9A19103F-16F7-4668-BE54-9A1E7A4F7556}") = "DEV120", "DEV120.csproj", "{62DF917B-6C8B-4A2E-B044-0D30B84C1B38}"
EndProject
Global
	GlobalSection(SolutionConfigurationPlatforms) = preSolution
		Debug|Any CPU = Debug|Any CPU
		Release|Any CPU = Release|Any CPU
	EndGlobalSection
	GlobalSection(ProjectConfigurationPlatforms) = postSolution
		{62DF917B-6C8B-4A2E-B044-0D30B84C1B38}.Debug|Any CPU.ActiveCfg = Debug|Any CPU
		{62DF917B-6C8B-4A2E-B044-0D30B84C1B38}.Debug|Any CPU.Build.0 = Debug|Any CPU
		{62DF917B-6C8B-4A2E-B044-0D30B84C1B38}.Release|Any CPU.ActiveCfg = Release|Any CPU
		{62DF917B-6C8B-4A2E-B044-0D30B84C1B38}.Release|Any CPU.Build.0 = Release|Any CPU
	EndGlobalSection
	GlobalSection(SolutionProperties) = preSolution
		HideSolutionNode = FALSE
	EndGlobalSection
	GlobalSection(ExtensibilityGlobals) = postSolution
		SolutionGuid = {AD3CB98B-4737-489F-AF03-D556F2F5DC37}
	EndGlobalSection
EndGlobal
